
Microsoft Visual Studio Solution File, Format Version 12.00
# Visual Studio Version 17
VisualStudioVersion = 17.14.36811.4 d17.14
MinimumVisualStudioVersion = 10.0.40219.1
Project("{FAE04EC0-301F-11D3-BF4B-00C04F79EFBC}") = "Dzi-AI", "Dzi-AI\Dzi-AI.csproj", "{46305378-E693-43CF-A59C-547612503888}"
EndProject
Project("{FAE04EC0-301F-11D3-BF4B-00C04F79EFBC}") = "Nmerologiq", "Nmerologiq\Nmerologiq.csproj", "{50DA269A-9527-4A33-8866-CCBBDFF4FB84}"
EndProject
Project("{FAE04EC0-301F-11D3-BF4B-00C04F79EFBC}") = "Zadacha", "Zadacha\Zadacha.csproj", "{C679CFD4-6891-422F-905D-E6D4B98C473E}"
EndProject
Project("{FAE04EC0-301F-11D3-BF4B-00C04F79EFBC}") = "Chisla", "Chisla\Chisla.csproj", "{47C04251-0BA4-480F-99F6-A4C3D536FECB}"
EndProject
Global
	GlobalSection(SolutionConfigurationPlatforms) = preSolution
		Debug|Any CPU = Debug|Any CPU
		Release|Any CPU = Release|Any CPU
	EndGlobalSection
	GlobalSection(ProjectConfigurationPlatforms) = postSolution
		{46305378-E693-43CF-A59C-547612503888}.Debug|Any CPU.ActiveCfg = Debug|Any CPU
		{46305378-E693-43CF-A59C-547612503888}.Debug|Any CPU.Build.0 = Debug|Any CPU
		{46305378-E693-43CF-A59C-547612503888}.Release|Any CPU.ActiveCfg = Release|Any CPU
		{46305378-E693-43CF-A59C-547612503888}.Release|Any CPU.Build.0 = Release|Any CPU
		{50DA269A-9527-4A33-8866-CCBBDFF4FB84}.Debug|Any CPU.ActiveCfg = Debug|Any CPU
		{50DA269A-9527-4A33-8866-CCBBDFF4FB84}.Debug|Any CPU.Build.0 = Debug|Any CPU
		{50DA269A-9527-4A33-8866-CCBBDFF4FB84}.Release|Any CPU.ActiveCfg = Release|Any CPU
		{50DA269A-9527-4A33-8866-CCBBDFF4FB84}.Release|Any CPU.Build.0 = Release|Any CPU
		{C679CFD4-6891-422F-905D-E6D4B98C473E}.Debug|Any CPU.ActiveCfg = Debug|Any CPU
		{C679CFD4-6891-422F-905D-E6D4B98C473E}.Debug|Any CPU.Build.0 = Debug|Any CPU
		{C679CFD4-6891-422F-905D-E6D4B98C473E}.Release|Any CPU.ActiveCfg = Release|Any CPU
		{C679CFD4-6891-422F-905D-E6D4B98C473E}.Release|Any CPU.Build.0 = Release|Any CPU
		{47C04251-0BA4-480F-99F6-A4C3D536FECB}.Debug|Any CPU.ActiveCfg = Debug|Any CPU
		{47C04251-0BA4-480F-99F6-A4C3D536FECB}.Debug|Any CPU.Build.0 = Debug|Any CPU
		{47C04251-0BA4-480F-99F6-A4C3D536FECB}.Release|Any CPU.ActiveCfg = Release|Any CPU
		{47C04251-0BA4-480F-99F6-A4C3D536FECB}.Release|Any CPU.Build.0 = Release|Any CPU
	EndGlobalSection
	GlobalSection(SolutionProperties) = preSolution
		HideSolutionNode = FALSE
	EndGlobalSection
	GlobalSection(ExtensibilityGlobals) = postSolution
		SolutionGuid = {A5A57A04-248A-45CB-9AD1-07DE1FB582B2}
	EndGlobalSection
EndGlobal
