
Microsoft Visual Studio Solution File, Format Version 12.00
# Visual Studio Version 17
VisualStudioVersion = 17.14.36811.4 d17.14
MinimumVisualStudioVersion = 10.0.40219.1
Project("{FAE04EC0-301F-11D3-BF4B-00C04F79EFBC}") = "Dzi-AI", "Dzi-AI\Dzi-AI.csproj", "{46305378-E693-43CF-A59C-547612503888}"
EndProject
Project("{FAE04EC0-301F-11D3-BF4B-00C04F79EFBC}") = "Nmerologiq", "Nmerologiq\Nmerologiq.csproj", "{50DA269A-9527-4A33-8866-CCBBDFF4FB84}"
EndProject
Project("{FAE04EC0-301F-11D3-BF4B-00C04F79EFBC}") = "Zadacha", "Zadacha\Zadacha.csproj", "{C679CFD4-6891-422F-905D-E6D4B98C473E}"
EndProject
Project("{FAE04EC0-301F-11D3-BF4B-00C04F79EFBC}") = "Chisla", "Chisla\Chisla.csproj", "{47C04251-0BA4-480F-99F6-A4C3D536FECB}"
EndProject
Project("{FAE04EC0-301F-11D3-BF4B-00C04F79EFBC}") = "ITCompany", "ITCompany\ITCompany.csproj", "{A59B3FA8-4CE0-4A25-9842-460AC4E5799A}"
EndProject
Project("{FAE04EC0-301F-11D3-BF4B-00C04F79EFBC}") = "PrimeNumbers", "PrimeNumbers\PrimeNumbers.csproj", "{BAAFC6B8-BCDC-4474-ABA0-4C2B1448536F}"
EndProject
Project("{FAE04EC0-301F-11D3-BF4B-00C04F79EFBC}") = "TelephoneShop", "TelephoneShop\TelephoneShop.csproj", "{6F9E8E44-8836-40D2-8EA5-B38B38FC4FEE}"
EndProject
Project("{FAE04EC0-301F-11D3-BF4B-00C04F79EFBC}") = "Usernames", "Usernames\Usernames.csproj", "{0403FCBB-80A4-4E3A-A466-6BA4908F340D}"
EndProject
Project("{FAE04EC0-301F-11D3-BF4B-00C04F79EFBC}") = "NumberDivision", "NumberDivision\NumberDivision.csproj", "{EA3932FD-2ACB-4008-8221-83EE9436660C}"
EndProject
Project("{2150E333-8FDC-42A3-9474-1A3956D46DE8}") = "Uchitel", "Uchitel", "{02EA681E-C7D8-13C7-8484-4AC65E1B71E8}"
EndProject
Project("{FAE04EC0-301F-11D3-BF4B-00C04F79EFBC}") = "VuvejdaneNaUchiteli", "VuvejdaneNaUchiteli\VuvejdaneNaUchiteli.csproj", "{409EB9BC-25F9-4406-85BF-B783D7D865C4}"
EndProject
Project("{2150E333-8FDC-42A3-9474-1A3956D46DE8}") = "University", "University", "{BE60764A-36C2-4FA1-8BD5-2B468B80A92F}"
EndProject
Project("{FAE04EC0-301F-11D3-BF4B-00C04F79EFBC}") = "UniversitySystem", "UniversitySystem\UniversitySystem.csproj", "{65135580-F36C-4675-9EF5-9F89839A488D}"
EndProject
Project("{2150E333-8FDC-42A3-9474-1A3956D46DE8}") = "FootballTeamGenerator", "FootballTeamGenerator", "{EA946EB4-353B-493C-8B9B-D9328A153872}"
EndProject
Project("{FAE04EC0-301F-11D3-BF4B-00C04F79EFBC}") = "FootballTeamGenerator", "FootballTeamGenerator\FootballTeamGenerator.csproj", "{EC33EE79-0E95-4E4F-AB6C-90B080285CCF}"
EndProject
Project("{FAE04EC0-301F-11D3-BF4B-00C04F79EFBC}") = "CheteneNaFail", "CheteneNaFail\CheteneNaFail.csproj", "{0150690E-4696-4DA8-A325-2FD944BDB1C5}"
EndProject
Global
	GlobalSection(SolutionConfigurationPlatforms) = preSolution
		Debug|Any CPU = Debug|Any CPU
		Release|Any CPU = Release|Any CPU
	EndGlobalSection
	GlobalSection(ProjectConfigurationPlatforms) = postSolution
		{46305378-E693-43CF-A59C-547612503888}.Debug|Any CPU.ActiveCfg = Debug|Any CPU
		{46305378-E693-43CF-A59C-547612503888}.Debug|Any CPU.Build.0 = Debug|Any CPU
		{46305378-E693-43CF-A59C-547612503888}.Release|Any CPU.ActiveCfg = Release|Any CPU
		{46305378-E693-43CF-A59C-547612503888}.Release|Any CPU.Build.0 = Release|Any CPU
		{50DA269A-9527-4A33-8866-CCBBDFF4FB84}.Debug|Any CPU.ActiveCfg = Debug|Any CPU
		{50DA269A-9527-4A33-8866-CCBBDFF4FB84}.Debug|Any CPU.Build.0 = Debug|Any CPU
		{50DA269A-9527-4A33-8866-CCBBDFF4FB84}.Release|Any CPU.ActiveCfg = Release|Any CPU
		{50DA269A-9527-4A33-8866-CCBBDFF4FB84}.Release|Any CPU.Build.0 = Release|Any CPU
		{C679CFD4-6891-422F-905D-E6D4B98C473E}.Debug|Any CPU.ActiveCfg = Debug|Any CPU
		{C679CFD4-6891-422F-905D-E6D4B98C473E}.Debug|Any CPU.Build.0 = Debug|Any CPU
		{C679CFD4-6891-422F-905D-E6D4B98C473E}.Release|Any CPU.ActiveCfg = Release|Any CPU
		{C679CFD4-6891-422F-905D-E6D4B98C473E}.Release|Any CPU.Build.0 = Release|Any CPU
		{47C04251-0BA4-480F-99F6-A4C3D536FECB}.Debug|Any CPU.ActiveCfg = Debug|Any CPU
		{47C04251-0BA4-480F-99F6-A4C3D536FECB}.Debug|Any CPU.Build.0 = Debug|Any CPU
		{47C04251-0BA4-480F-99F6-A4C3D536FECB}.Release|Any CPU.ActiveCfg = Release|Any CPU
		{47C04251-0BA4-480F-99F6-A4C3D536FECB}.Release|Any CPU.Build.0 = Release|Any CPU
		{A59B3FA8-4CE0-4A25-9842-460AC4E5799A}.Debug|Any CPU.ActiveCfg = Debug|Any CPU
		{A59B3FA8-4CE0-4A25-9842-460AC4E5799A}.Debug|Any CPU.Build.0 = Debug|Any CPU
		{A59B3FA8-4CE0-4A25-9842-460AC4E5799A}.Release|Any CPU.ActiveCfg = Release|Any CPU
		{A59B3FA8-4CE0-4A25-9842-460AC4E5799A}.Release|Any CPU.Build.0 = Release|Any CPU
		{BAAFC6B8-BCDC-4474-ABA0-4C2B1448536F}.Debug|Any CPU.ActiveCfg = Debug|Any CPU
		{BAAFC6B8-BCDC-4474-ABA0-4C2B1448536F}.Debug|Any CPU.Build.0 = Debug|Any CPU
		{BAAFC6B8-BCDC-4474-ABA0-4C2B1448536F}.Release|Any CPU.ActiveCfg = Release|Any CPU
		{BAAFC6B8-BCDC-4474-ABA0-4C2B1448536F}.Release|Any CPU.Build.0 = Release|Any CPU
		{6F9E8E44-8836-40D2-8EA5-B38B38FC4FEE}.Debug|Any CPU.ActiveCfg = Debug|Any CPU
		{6F9E8E44-8836-40D2-8EA5-B38B38FC4FEE}.Debug|Any CPU.Build.0 = Debug|Any CPU
		{6F9E8E44-8836-40D2-8EA5-B38B38FC4FEE}.Release|Any CPU.ActiveCfg = Release|Any CPU
		{6F9E8E44-8836-40D2-8EA5-B38B38FC4FEE}.Release|Any CPU.Build.0 = Release|Any CPU
		{0403FCBB-80A4-4E3A-A466-6BA4908F340D}.Debug|Any CPU.ActiveCfg = Debug|Any CPU
		{0403FCBB-80A4-4E3A-A466-6BA4908F340D}.Debug|Any CPU.Build.0 = Debug|Any CPU
		{0403FCBB-80A4-4E3A-A466-6BA4908F340D}.Release|Any CPU.ActiveCfg = Release|Any CPU
		{0403FCBB-80A4-4E3A-A466-6BA4908F340D}.Release|Any CPU.Build.0 = Release|Any CPU
		{EA3932FD-2ACB-4008-8221-83EE9436660C}.Debug|Any CPU.ActiveCfg = Debug|Any CPU
		{EA3932FD-2ACB-4008-8221-83EE9436660C}.Debug|Any CPU.Build.0 = Debug|Any CPU
		{EA3932FD-2ACB-4008-8221-83EE9436660C}.Release|Any CPU.ActiveCfg = Release|Any CPU
		{EA3932FD-2ACB-4008-8221-83EE9436660C}.Release|Any CPU.Build.0 = Release|Any CPU
		{409EB9BC-25F9-4406-85BF-B783D7D865C4}.Debug|Any CPU.ActiveCfg = Debug|Any CPU
		{409EB9BC-25F9-4406-85BF-B783D7D865C4}.Debug|Any CPU.Build.0 = Debug|Any CPU
		{409EB9BC-25F9-4406-85BF-B783D7D865C4}.Release|Any CPU.ActiveCfg = Release|Any CPU
		{409EB9BC-25F9-4406-85BF-B783D7D865C4}.Release|Any CPU.Build.0 = Release|Any CPU
		{65135580-F36C-4675-9EF5-9F89839A488D}.Debug|Any CPU.ActiveCfg = Debug|Any CPU
		{65135580-F36C-4675-9EF5-9F89839A488D}.Debug|Any CPU.Build.0 = Debug|Any CPU
		{65135580-F36C-4675-9EF5-9F89839A488D}.Release|Any CPU.ActiveCfg = Release|Any CPU
		{65135580-F36C-4675-9EF5-9F89839A488D}.Release|Any CPU.Build.0 = Release|Any CPU
		{EC33EE79-0E95-4E4F-AB6C-90B080285CCF}.Debug|Any CPU.ActiveCfg = Debug|Any CPU
		{EC33EE79-0E95-4E4F-AB6C-90B080285CCF}.Debug|Any CPU.Build.0 = Debug|Any CPU
		{EC33EE79-0E95-4E4F-AB6C-90B080285CCF}.Release|Any CPU.ActiveCfg = Release|Any CPU
		{EC33EE79-0E95-4E4F-AB6C-90B080285CCF}.Release|Any CPU.Build.0 = Release|Any CPU
		{0150690E-4696-4DA8-A325-2FD944BDB1C5}.Debug|Any CPU.ActiveCfg = Debug|Any CPU
		{0150690E-4696-4DA8-A325-2FD944BDB1C5}.Debug|Any CPU.Build.0 = Debug|Any CPU
		{0150690E-4696-4DA8-A325-2FD944BDB1C5}.Release|Any CPU.ActiveCfg = Release|Any CPU
		{0150690E-4696-4DA8-A325-2FD944BDB1C5}.Release|Any CPU.Build.0 = Release|Any CPU
	EndGlobalSection
	GlobalSection(SolutionProperties) = preSolution
		HideSolutionNode = FALSE
	EndGlobalSection
	GlobalSection(NestedProjects) = preSolution
		{409EB9BC-25F9-4406-85BF-B783D7D865C4} = {02EA681E-C7D8-13C7-8484-4AC65E1B71E8}
		{65135580-F36C-4675-9EF5-9F89839A488D} = {BE60764A-36C2-4FA1-8BD5-2B468B80A92F}
		{EC33EE79-0E95-4E4F-AB6C-90B080285CCF} = {EA946EB4-353B-493C-8B9B-D9328A153872}
	EndGlobalSection
	GlobalSection(ExtensibilityGlobals) = postSolution
		SolutionGuid = {A5A57A04-248A-45CB-9AD1-07DE1FB582B2}
	EndGlobalSection
EndGlobal
